
Microsoft Visual Studio Solution File, Format Version 12.00
# Visual Studio Version 17
VisualStudioVersion = 17.10.35013.160
MinimumVisualStudioVersion = 10.0.40219.1
Project("{FAE04EC0-301F-11D3-BF4B-00C04F79EFBC}") = "ContactAppRoleBasedLogin", "ContactAppRoleBasedLogin\ContactAppRoleBasedLogin.csproj", "{2882F55C-EF55-41FD-8B25-FB8E28CB532B}"
EndProject
Global
	GlobalSection(SolutionConfigurationPlatforms) = preSolution
		Debug|Any CPU = Debug|Any CPU
		Release|Any CPU = Release|Any CPU
	EndGlobalSection
	GlobalSection(ProjectConfigurationPlatforms) = postSolution
		{2882F55C-EF55-41FD-8B25-FB8E28CB532B}.Debug|Any CPU.ActiveCfg = Debug|Any CPU
		{2882F55C-EF55-41FD-8B25-FB8E28CB532B}.Debug|Any CPU.Build.0 = Debug|Any CPU
		{2882F55C-EF55-41FD-8B25-FB8E28CB532B}.Release|Any CPU.ActiveCfg = Release|Any CPU
		{2882F55C-EF55-41FD-8B25-FB8E28CB532B}.Release|Any CPU.Build.0 = Release|Any CPU
	EndGlobalSection
	GlobalSection(SolutionProperties) = preSolution
		HideSolutionNode = FALSE
	EndGlobalSection
	GlobalSection(ExtensibilityGlobals) = postSolution
		SolutionGuid = {B8DAF693-8205-40A2-8F55-F6D22015957F}
	EndGlobalSection
EndGlobal
